
Microsoft Visual Studio Solution File, Format Version 12.00
# Visual Studio Version 17
VisualStudioVersion = 17.11.35222.181
MinimumVisualStudioVersion = 10.0.40219.1
Project("{2150E333-8FDC-42A3-9474-1A3956D46DE8}") = "Src", "Src", "{62D3C0F2-8A10-4726-8921-A885381BEBC9}"
EndProject
Project("{2150E333-8FDC-42A3-9474-1A3956D46DE8}") = "Test", "Test", "{9430A151-0220-4813-A6B7-2163DF617708}"
EndProject
Project("{2150E333-8FDC-42A3-9474-1A3956D46DE8}") = "Doc", "Doc", "{66B2F4C2-6F2E-4E6D-ADB7-69785A0F9579}"
EndProject
Project("{2150E333-8FDC-42A3-9474-1A3956D46DE8}") = "Core", "Core", "{7F884E68-BC9E-4414-94D5-0E4B8CF1B00B}"
EndProject
Project("{2150E333-8FDC-42A3-9474-1A3956D46DE8}") = "Infrastructure", "Infrastructure", "{D5D63ABF-DE16-4901-A063-1329CD8C3020}"
EndProject
Project("{2150E333-8FDC-42A3-9474-1A3956D46DE8}") = "Common", "Common", "{E65C559C-BEFA-4FFB-B1B2-24AD9F1D221E}"
EndProject
Project("{2150E333-8FDC-42A3-9474-1A3956D46DE8}") = "Presentaion", "Presentaion", "{B525EE22-CE7E-4510-83EF-08C139893DD4}"
EndProject
Project("{FAE04EC0-301F-11D3-BF4B-00C04F79EFBC}") = "Store_Example.Domain", "Store_Example.Domain\Store_Example.Domain.csproj", "{841CC163-2051-41BB-A4C9-605E5B43C892}"
EndProject
Project("{FAE04EC0-301F-11D3-BF4B-00C04F79EFBC}") = "Store_Example.Application", "Store_Example.Application\Store_Example.Application.csproj", "{77253D57-F2DF-4C9C-A595-839617D28C76}"
EndProject
Project("{FAE04EC0-301F-11D3-BF4B-00C04F79EFBC}") = "Store_Example.Infrastructure", "Store_Example.Infrastructure\Store_Example.Infrastructure.csproj", "{BCED8A58-6311-4E6E-BE3B-2D81528C36AE}"
EndProject
Project("{FAE04EC0-301F-11D3-BF4B-00C04F79EFBC}") = "Store_Example.Persistance", "Store_Example.Persistance\Store_Example.Persistance.csproj", "{2BD1E80D-683E-4230-8E44-36BB6CF7F693}"
EndProject
Project("{FAE04EC0-301F-11D3-BF4B-00C04F79EFBC}") = "Store_Example.Common", "Store_Example.Common\Store_Example.Common.csproj", "{C0B065E5-17B8-4EF1-B4F9-EC52F0FC87AC}"
EndProject
Project("{FAE04EC0-301F-11D3-BF4B-00C04F79EFBC}") = "Endpoint.Site", "Endpoint.Site\Endpoint.Site.csproj", "{8BE00FAD-234B-4BC3-B984-25B27553C641}"
EndProject
Global
	GlobalSection(SolutionConfigurationPlatforms) = preSolution
		Debug|Any CPU = Debug|Any CPU
		Release|Any CPU = Release|Any CPU
	EndGlobalSection
	GlobalSection(ProjectConfigurationPlatforms) = postSolution
		{841CC163-2051-41BB-A4C9-605E5B43C892}.Debug|Any CPU.ActiveCfg = Debug|Any CPU
		{841CC163-2051-41BB-A4C9-605E5B43C892}.Debug|Any CPU.Build.0 = Debug|Any CPU
		{841CC163-2051-41BB-A4C9-605E5B43C892}.Release|Any CPU.ActiveCfg = Release|Any CPU
		{841CC163-2051-41BB-A4C9-605E5B43C892}.Release|Any CPU.Build.0 = Release|Any CPU
		{77253D57-F2DF-4C9C-A595-839617D28C76}.Debug|Any CPU.ActiveCfg = Debug|Any CPU
		{77253D57-F2DF-4C9C-A595-839617D28C76}.Debug|Any CPU.Build.0 = Debug|Any CPU
		{77253D57-F2DF-4C9C-A595-839617D28C76}.Release|Any CPU.ActiveCfg = Release|Any CPU
		{77253D57-F2DF-4C9C-A595-839617D28C76}.Release|Any CPU.Build.0 = Release|Any CPU
		{BCED8A58-6311-4E6E-BE3B-2D81528C36AE}.Debug|Any CPU.ActiveCfg = Debug|Any CPU
		{BCED8A58-6311-4E6E-BE3B-2D81528C36AE}.Debug|Any CPU.Build.0 = Debug|Any CPU
		{BCED8A58-6311-4E6E-BE3B-2D81528C36AE}.Release|Any CPU.ActiveCfg = Release|Any CPU
		{BCED8A58-6311-4E6E-BE3B-2D81528C36AE}.Release|Any CPU.Build.0 = Release|Any CPU
		{2BD1E80D-683E-4230-8E44-36BB6CF7F693}.Debug|Any CPU.ActiveCfg = Debug|Any CPU
		{2BD1E80D-683E-4230-8E44-36BB6CF7F693}.Debug|Any CPU.Build.0 = Debug|Any CPU
		{2BD1E80D-683E-4230-8E44-36BB6CF7F693}.Release|Any CPU.ActiveCfg = Release|Any CPU
		{2BD1E80D-683E-4230-8E44-36BB6CF7F693}.Release|Any CPU.Build.0 = Release|Any CPU
		{C0B065E5-17B8-4EF1-B4F9-EC52F0FC87AC}.Debug|Any CPU.ActiveCfg = Debug|Any CPU
		{C0B065E5-17B8-4EF1-B4F9-EC52F0FC87AC}.Debug|Any CPU.Build.0 = Debug|Any CPU
		{C0B065E5-17B8-4EF1-B4F9-EC52F0FC87AC}.Release|Any CPU.ActiveCfg = Release|Any CPU
		{C0B065E5-17B8-4EF1-B4F9-EC52F0FC87AC}.Release|Any CPU.Build.0 = Release|Any CPU
		{8BE00FAD-234B-4BC3-B984-25B27553C641}.Debug|Any CPU.ActiveCfg = Debug|Any CPU
		{8BE00FAD-234B-4BC3-B984-25B27553C641}.Debug|Any CPU.Build.0 = Debug|Any CPU
		{8BE00FAD-234B-4BC3-B984-25B27553C641}.Release|Any CPU.ActiveCfg = Release|Any CPU
		{8BE00FAD-234B-4BC3-B984-25B27553C641}.Release|Any CPU.Build.0 = Release|Any CPU
	EndGlobalSection
	GlobalSection(SolutionProperties) = preSolution
		HideSolutionNode = FALSE
	EndGlobalSection
	GlobalSection(NestedProjects) = preSolution
		{7F884E68-BC9E-4414-94D5-0E4B8CF1B00B} = {62D3C0F2-8A10-4726-8921-A885381BEBC9}
		{D5D63ABF-DE16-4901-A063-1329CD8C3020} = {62D3C0F2-8A10-4726-8921-A885381BEBC9}
		{E65C559C-BEFA-4FFB-B1B2-24AD9F1D221E} = {62D3C0F2-8A10-4726-8921-A885381BEBC9}
		{B525EE22-CE7E-4510-83EF-08C139893DD4} = {62D3C0F2-8A10-4726-8921-A885381BEBC9}
		{841CC163-2051-41BB-A4C9-605E5B43C892} = {7F884E68-BC9E-4414-94D5-0E4B8CF1B00B}
		{77253D57-F2DF-4C9C-A595-839617D28C76} = {7F884E68-BC9E-4414-94D5-0E4B8CF1B00B}
		{BCED8A58-6311-4E6E-BE3B-2D81528C36AE} = {D5D63ABF-DE16-4901-A063-1329CD8C3020}
		{2BD1E80D-683E-4230-8E44-36BB6CF7F693} = {D5D63ABF-DE16-4901-A063-1329CD8C3020}
		{C0B065E5-17B8-4EF1-B4F9-EC52F0FC87AC} = {E65C559C-BEFA-4FFB-B1B2-24AD9F1D221E}
		{8BE00FAD-234B-4BC3-B984-25B27553C641} = {B525EE22-CE7E-4510-83EF-08C139893DD4}
	EndGlobalSection
	GlobalSection(ExtensibilityGlobals) = postSolution
		SolutionGuid = {D4AAB930-4606-45AF-A005-51A3DCA3F795}
	EndGlobalSection
EndGlobal
